// !$*UTF8*$!
{
	archiveVersion = 1;
	classes = {
	};
	objectVersion = 56;
	objects = {

/* Begin PBXBuildFile section */
		96BF6DAC2A20B1EF00DB0C69 /* AppDelegate.swift in Sources */ = {isa = PBXBuildFile; fileRef = 96BF6DAB2A20B1EF00DB0C69 /* AppDelegate.swift */; };
		96BF6DAE2A20B1EF00DB0C69 /* SceneDelegate.swift in Sources */ = {isa = PBXBuildFile; fileRef = 96BF6DAD2A20B1EF00DB0C69 /* SceneDelegate.swift */; };
		96BF6DB02A20B1EF00DB0C69 /* ViewController.swift in Sources */ = {isa = PBXBuildFile; fileRef = 96BF6DAF2A20B1EF00DB0C69 /* ViewController.swift */; };
		96BF6DB32A20B1EF00DB0C69 /* Main.storyboard in Resources */ = {isa = PBXBuildFile; fileRef = 96BF6DB12A20B1EF00DB0C69 /* Main.storyboard */; };
		96BF6DB62A20B1EF00DB0C69 /* Weather_Forecast_App.xcdatamodeld in Sources */ = {isa = PBXBuildFile; fileRef = 96BF6DB42A20B1EF00DB0C69 /* Weather_Forecast_App.xcdatamodeld */; };
		96BF6DB82A20B1F200DB0C69 /* Assets.xcassets in Resources */ = {isa = PBXBuildFile; fileRef = 96BF6DB72A20B1F200DB0C69 /* Assets.xcassets */; };
		96BF6DBB2A20B1F200DB0C69 /* LaunchScreen.storyboard in Resources */ = {isa = PBXBuildFile; fileRef = 96BF6DB92A20B1F200DB0C69 /* LaunchScreen.storyboard */; };
		96BF6DC62A20B1F300DB0C69 /* Weather_Forecast_AppTests.swift in Sources */ = {isa = PBXBuildFile; fileRef = 96BF6DC52A20B1F300DB0C69 /* Weather_Forecast_AppTests.swift */; };
		96BF6DD02A20B1F300DB0C69 /* Weather_Forecast_AppUITests.swift in Sources */ = {isa = PBXBuildFile; fileRef = 96BF6DCF2A20B1F300DB0C69 /* Weather_Forecast_AppUITests.swift */; };
		96BF6DD22A20B1F300DB0C69 /* Weather_Forecast_AppUITestsLaunchTests.swift in Sources */ = {isa = PBXBuildFile; fileRef = 96BF6DD12A20B1F300DB0C69 /* Weather_Forecast_AppUITestsLaunchTests.swift */; };
/* End PBXBuildFile section */

/* Begin PBXContainerItemProxy section */
		96BF6DC22A20B1F300DB0C69 /* PBXContainerItemProxy */ = {
			isa = PBXContainerItemProxy;
			containerPortal = 96BF6DA02A20B1EF00DB0C69 /* Project object */;
			proxyType = 1;
			remoteGlobalIDString = 96BF6DA72A20B1EF00DB0C69;
			remoteInfo = "Weather Forecast App";
		};
		96BF6DCC2A20B1F300DB0C69 /* PBXContainerItemProxy */ = {
			isa = PBXContainerItemProxy;
			containerPortal = 96BF6DA02A20B1EF00DB0C69 /* Project object */;
			proxyType = 1;
			remoteGlobalIDString = 96BF6DA72A20B1EF00DB0C69;
			remoteInfo = "Weather Forecast App";
		};
/* End PBXContainerItemProxy section */

/* Begin PBXFileReference section */
		96BF6DA82A20B1EF00DB0C69 /* Weather Forecast App.app */ = {isa = PBXFileReference; explicitFileType = wrapper.application; includeInIndex = 0; path = "Weather Forecast App.app"; sourceTree = BUILT_PRODUCTS_DIR; };
		96BF6DAB2A20B1EF00DB0C69 /* AppDelegate.swift */ = {isa = PBXFileReference; lastKnownFileType = sourcecode.swift; path = AppDelegate.swift; sourceTree = "<group>"; };
		96BF6DAD2A20B1EF00DB0C69 /* SceneDelegate.swift */ = {isa = PBXFileReference; lastKnownFileType = sourcecode.swift; path = SceneDelegate.swift; sourceTree = "<group>"; };
		96BF6DAF2A20B1EF00DB0C69 /* ViewController.swift */ = {isa = PBXFileReference; lastKnownFileType = sourcecode.swift; path = ViewController.swift; sourceTree = "<group>"; };
		96BF6DB22A20B1EF00DB0C69 /* Base */ = {isa = PBXFileReference; lastKnownFileType = file.storyboard; name = Base; path = Base.lproj/Main.storyboard; sourceTree = "<group>"; };
		96BF6DB52A20B1EF00DB0C69 /* Weather_Forecast_App.xcdatamodel */ = {isa = PBXFileReference; lastKnownFileType = wrapper.xcdatamodel; path = Weather_Forecast_App.xcdatamodel; sourceTree = "<group>"; };
		96BF6DB72A20B1F200DB0C69 /* Assets.xcassets */ = {isa = PBXFileReference; lastKnownFileType = folder.assetcatalog; path = Assets.xcassets; sourceTree = "<group>"; };
		96BF6DBA2A20B1F200DB0C69 /* Base */ = {isa = PBXFileReference; lastKnownFileType = file.storyboard; name = Base; path = Base.lproj/LaunchScreen.storyboard; sourceTree = "<group>"; };
		96BF6DBC2A20B1F200DB0C69 /* Info.plist */ = {isa = PBXFileReference; lastKnownFileType = text.plist.xml; path = Info.plist; sourceTree = "<group>"; };
		96BF6DC12A20B1F300DB0C69 /* Weather Forecast AppTests.xctest */ = {isa = PBXFileReference; explicitFileType = wrapper.cfbundle; includeInIndex = 0; path = "Weather Forecast AppTests.xctest"; sourceTree = BUILT_PRODUCTS_DIR; };
		96BF6DC52A20B1F300DB0C69 /* Weather_Forecast_AppTests.swift */ = {isa = PBXFileReference; lastKnownFileType = sourcecode.swift; path = Weather_Forecast_AppTests.swift; sourceTree = "<group>"; };
		96BF6DCB2A20B1F300DB0C69 /* Weather Forecast AppUITests.xctest */ = {isa = PBXFileReference; explicitFileType = wrapper.cfbundle; includeInIndex = 0; path = "Weather Forecast AppUITests.xctest"; sourceTree = BUILT_PRODUCTS_DIR; };
		96BF6DCF2A20B1F300DB0C69 /* Weather_Forecast_AppUITests.swift */ = {isa = PBXFileReference; lastKnownFileType = sourcecode.swift; path = Weather_Forecast_AppUITests.swift; sourceTree = "<group>"; };
		96BF6DD12A20B1F300DB0C69 /* Weather_Forecast_AppUITestsLaunchTests.swift */ = {isa = PBXFileReference; lastKnownFileType = sourcecode.swift; path = Weather_Forecast_AppUITestsLaunchTests.swift; sourceTree = "<group>"; };
/* End PBXFileReference section */

/* Begin PBXFrameworksBuildPhase section */
		96BF6DA52A20B1EF00DB0C69 /* Frameworks */ = {
			isa = PBXFrameworksBuildPhase;
			buildActionMask = 2147483647;
			files = (
			);
			runOnlyForDeploymentPostprocessing = 0;
		};
		96BF6DBE2A20B1F300DB0C69 /* Frameworks */ = {
			isa = PBXFrameworksBuildPhase;
			buildActionMask = 2147483647;
			files = (
			);
			runOnlyForDeploymentPostprocessing = 0;
		};
		96BF6DC82A20B1F300DB0C69 /* Frameworks */ = {
			isa = PBXFrameworksBuildPhase;
			buildActionMask = 2147483647;
			files = (
			);
			runOnlyForDeploymentPostprocessing = 0;
		};
/* End PBXFrameworksBuildPhase section */

/* Begin PBXGroup section */
		96BF6D9F2A20B1EF00DB0C69 = {
			isa = PBXGroup;
			children = (
				96BF6DAA2A20B1EF00DB0C69 /* Weather Forecast App */,
				96BF6DC42A20B1F300DB0C69 /* Weather Forecast AppTests */,
				96BF6DCE2A20B1F300DB0C69 /* Weather Forecast AppUITests */,
				96BF6DA92A20B1EF00DB0C69 /* Products */,
			);
			sourceTree = "<group>";
		};
		96BF6DA92A20B1EF00DB0C69 /* Products */ = {
			isa = PBXGroup;
			children = (
				96BF6DA82A20B1EF00DB0C69 /* Weather Forecast App.app */,
				96BF6DC12A20B1F300DB0C69 /* Weather Forecast AppTests.xctest */,
				96BF6DCB2A20B1F300DB0C69 /* Weather Forecast AppUITests.xctest */,
			);
			name = Products;
			sourceTree = "<group>";
		};
		96BF6DAA2A20B1EF00DB0C69 /* Weather Forecast App */ = {
			isa = PBXGroup;
			children = (
				96BF6DAB2A20B1EF00DB0C69 /* AppDelegate.swift */,
				96BF6DAD2A20B1EF00DB0C69 /* SceneDelegate.swift */,
				96BF6DAF2A20B1EF00DB0C69 /* ViewController.swift */,
				96BF6DB12A20B1EF00DB0C69 /* Main.storyboard */,
				96BF6DB72A20B1F200DB0C69 /* Assets.xcassets */,
				96BF6DB92A20B1F200DB0C69 /* LaunchScreen.storyboard */,
				96BF6DBC2A20B1F200DB0C69 /* Info.plist */,
				96BF6DB42A20B1EF00DB0C69 /* Weather_Forecast_App.xcdatamodeld */,
			);
			path = "Weather Forecast App";
			sourceTree = "<group>";
		};
		96BF6DC42A20B1F300DB0C69 /* Weather Forecast AppTests */ = {
			isa = PBXGroup;
			children = (
				96BF6DC52A20B1F300DB0C69 /* Weather_Forecast_AppTests.swift */,
			);
			path = "Weather Forecast AppTests";
			sourceTree = "<group>";
		};
		96BF6DCE2A20B1F300DB0C69 /* Weather Forecast AppUITests */ = {
			isa = PBXGroup;
			children = (
				96BF6DCF2A20B1F300DB0C69 /* Weather_Forecast_AppUITests.swift */,
				96BF6DD12A20B1F300DB0C69 /* Weather_Forecast_AppUITestsLaunchTests.swift */,
			);
			path = "Weather Forecast AppUITests";
			sourceTree = "<group>";
		};
/* End PBXGroup section */

/* Begin PBXNativeTarget section */
		96BF6DA72A20B1EF00DB0C69 /* Weather Forecast App */ = {
			isa = PBXNativeTarget;
			buildConfigurationList = 96BF6DD52A20B1F300DB0C69 /* Build configuration list for PBXNativeTarget "Weather Forecast App" */;
			buildPhases = (
				96BF6DA42A20B1EF00DB0C69 /* Sources */,
				96BF6DA52A20B1EF00DB0C69 /* Frameworks */,
				96BF6DA62A20B1EF00DB0C69 /* Resources */,
			);
			buildRules = (
			);
			dependencies = (
			);
			name = "Weather Forecast App";
			productName = "Weather Forecast App";
			productReference = 96BF6DA82A20B1EF00DB0C69 /* Weather Forecast App.app */;
			productType = "com.apple.product-type.application";
		};
		96BF6DC02A20B1F300DB0C69 /* Weather Forecast AppTests */ = {
			isa = PBXNativeTarget;
			buildConfigurationList = 96BF6DD82A20B1F300DB0C69 /* Build configuration list for PBXNativeTarget "Weather Forecast AppTests" */;
			buildPhases = (
				96BF6DBD2A20B1F300DB0C69 /* Sources */,
				96BF6DBE2A20B1F300DB0C69 /* Frameworks */,
				96BF6DBF2A20B1F300DB0C69 /* Resources */,
			);
			buildRules = (
			);
			dependencies = (
				96BF6DC32A20B1F300DB0C69 /* PBXTargetDependency */,
			);
			name = "Weather Forecast AppTests";
			productName = "Weather Forecast AppTests";
			productReference = 96BF6DC12A20B1F300DB0C69 /* Weather Forecast AppTests.xctest */;
			productType = "com.apple.product-type.bundle.unit-test";
		};
		96BF6DCA2A20B1F300DB0C69 /* Weather Forecast AppUITests */ = {
			isa = PBXNativeTarget;
			buildConfigurationList = 96BF6DDB2A20B1F300DB0C69 /* Build configuration list for PBXNativeTarget "Weather Forecast AppUITests" */;
			buildPhases = (
				96BF6DC72A20B1F300DB0C69 /* Sources */,
				96BF6DC82A20B1F300DB0C69 /* Frameworks */,
				96BF6DC92A20B1F300DB0C69 /* Resources */,
			);
			buildRules = (
			);
			dependencies = (
				96BF6DCD2A20B1F300DB0C69 /* PBXTargetDependency */,
			);
			name = "Weather Forecast AppUITests";
			productName = "Weather Forecast AppUITests";
			productReference = 96BF6DCB2A20B1F300DB0C69 /* Weather Forecast AppUITests.xctest */;
			productType = "com.apple.product-type.bundle.ui-testing";
		};
/* End PBXNativeTarget section */

/* Begin PBXProject section */
		96BF6DA02A20B1EF00DB0C69 /* Project object */ = {
			isa = PBXProject;
			attributes = {
				BuildIndependentTargetsInParallel = 1;
				LastSwiftUpdateCheck = 1420;
				LastUpgradeCheck = 1420;
				TargetAttributes = {
					96BF6DA72A20B1EF00DB0C69 = {
						CreatedOnToolsVersion = 14.2;
					};
					96BF6DC02A20B1F300DB0C69 = {
						CreatedOnToolsVersion = 14.2;
						TestTargetID = 96BF6DA72A20B1EF00DB0C69;
					};
					96BF6DCA2A20B1F300DB0C69 = {
						CreatedOnToolsVersion = 14.2;
						TestTargetID = 96BF6DA72A20B1EF00DB0C69;
					};
				};
			};
			buildConfigurationList = 96BF6DA32A20B1EF00DB0C69 /* Build configuration list for PBXProject "Weather Forecast App" */;
			compatibilityVersion = "Xcode 14.0";
			developmentRegion = en;
			hasScannedForEncodings = 0;
			knownRegions = (
				en,
				Base,
			);
			mainGroup = 96BF6D9F2A20B1EF00DB0C69;
			productRefGroup = 96BF6DA92A20B1EF00DB0C69 /* Products */;
			projectDirPath = "";
			projectRoot = "";
			targets = (
				96BF6DA72A20B1EF00DB0C69 /* Weather Forecast App */,
				96BF6DC02A20B1F300DB0C69 /* Weather Forecast AppTests */,
				96BF6DCA2A20B1F300DB0C69 /* Weather Forecast AppUITests */,
			);
		};
/* End PBXProject section */

/* Begin PBXResourcesBuildPhase section */
		96BF6DA62A20B1EF00DB0C69 /* Resources */ = {
			isa = PBXResourcesBuildPhase;
			buildActionMask = 2147483647;
			files = (
				96BF6DBB2A20B1F200DB0C69 /* LaunchScreen.storyboard in Resources */,
				96BF6DB82A20B1F200DB0C69 /* Assets.xcassets in Resources */,
				96BF6DB32A20B1EF00DB0C69 /* Main.storyboard in Resources */,
			);
			runOnlyForDeploymentPostprocessing = 0;
		};
		96BF6DBF2A20B1F300DB0C69 /* Resources */ = {
			isa = PBXResourcesBuildPhase;
			buildActionMask = 2147483647;
			files = (
			);
			runOnlyForDeploymentPostprocessing = 0;
		};
		96BF6DC92A20B1F300DB0C69 /* Resources */ = {
			isa = PBXResourcesBuildPhase;
			buildActionMask = 2147483647;
			files = (
			);
			runOnlyForDeploymentPostprocessing = 0;
		};
/* End PBXResourcesBuildPhase section */

/* Begin PBXSourcesBuildPhase section */
		96BF6DA42A20B1EF00DB0C69 /* Sources */ = {
			isa = PBXSourcesBuildPhase;
			buildActionMask = 2147483647;
			files = (
				96BF6DB02A20B1EF00DB0C69 /* ViewController.swift in Sources */,
				96BF6DB62A20B1EF00DB0C69 /* Weather_Forecast_App.xcdatamodeld in Sources */,
				96BF6DAC2A20B1EF00DB0C69 /* AppDelegate.swift in Sources */,
				96BF6DAE2A20B1EF00DB0C69 /* SceneDelegate.swift in Sources */,
			);
			runOnlyForDeploymentPostprocessing = 0;
		};
		96BF6DBD2A20B1F300DB0C69 /* Sources */ = {
			isa = PBXSourcesBuildPhase;
			buildActionMask = 2147483647;
			files = (
				96BF6DC62A20B1F300DB0C69 /* Weather_Forecast_AppTests.swift in Sources */,
			);
			runOnlyForDeploymentPostprocessing = 0;
		};
		96BF6DC72A20B1F300DB0C69 /* Sources */ = {
			isa = PBXSourcesBuildPhase;
			buildActionMask = 2147483647;
			files = (
				96BF6DD22A20B1F300DB0C69 /* Weather_Forecast_AppUITestsLaunchTests.swift in Sources */,
				96BF6DD02A20B1F300DB0C69 /* Weather_Forecast_AppUITests.swift in Sources */,
			);
			runOnlyForDeploymentPostprocessing = 0;
		};
/* End PBXSourcesBuildPhase section */

/* Begin PBXTargetDependency section */
		96BF6DC32A20B1F300DB0C69 /* PBXTargetDependency */ = {
			isa = PBXTargetDependency;
			target = 96BF6DA72A20B1EF00DB0C69 /* Weather Forecast App */;
			targetProxy = 96BF6DC22A20B1F300DB0C69 /* PBXContainerItemProxy */;
		};
		96BF6DCD2A20B1F300DB0C69 /* PBXTargetDependency */ = {
			isa = PBXTargetDependency;
			target = 96BF6DA72A20B1EF00DB0C69 /* Weather Forecast App */;
			targetProxy = 96BF6DCC2A20B1F300DB0C69 /* PBXContainerItemProxy */;
		};
/* End PBXTargetDependency section */

/* Begin PBXVariantGroup section */
		96BF6DB12A20B1EF00DB0C69 /* Main.storyboard */ = {
			isa = PBXVariantGroup;
			children = (
				96BF6DB22A20B1EF00DB0C69 /* Base */,
			);
			name = Main.storyboard;
			sourceTree = "<group>";
		};
		96BF6DB92A20B1F200DB0C69 /* LaunchScreen.storyboard */ = {
			isa = PBXVariantGroup;
			children = (
				96BF6DBA2A20B1F200DB0C69 /* Base */,
			);
			name = LaunchScreen.storyboard;
			sourceTree = "<group>";
		};
/* End PBXVariantGroup section */

/* Begin XCBuildConfiguration section */
		96BF6DD32A20B1F300DB0C69 /* Debug */ = {
			isa = XCBuildConfiguration;
			buildSettings = {
				ALWAYS_SEARCH_USER_PATHS = NO;
				CLANG_ANALYZER_NONNULL = YES;
				CLANG_ANALYZER_NUMBER_OBJECT_CONVERSION = YES_AGGRESSIVE;
				CLANG_CXX_LANGUAGE_STANDARD = "gnu++20";
				CLANG_ENABLE_MODULES = YES;
				CLANG_ENABLE_OBJC_ARC = YES;
				CLANG_ENABLE_OBJC_WEAK = YES;
				CLANG_WARN_BLOCK_CAPTURE_AUTORELEASING = YES;
				CLANG_WARN_BOOL_CONVERSION = YES;
				CLANG_WARN_COMMA = YES;
				CLANG_WARN_CONSTANT_CONVERSION = YES;
				CLANG_WARN_DEPRECATED_OBJC_IMPLEMENTATIONS = YES;
				CLANG_WARN_DIRECT_OBJC_ISA_USAGE = YES_ERROR;
				CLANG_WARN_DOCUMENTATION_COMMENTS = YES;
				CLANG_WARN_EMPTY_BODY = YES;
				CLANG_WARN_ENUM_CONVERSION = YES;
				CLANG_WARN_INFINITE_RECURSION = YES;
				CLANG_WARN_INT_CONVERSION = YES;
				CLANG_WARN_NON_LITERAL_NULL_CONVERSION = YES;
				CLANG_WARN_OBJC_IMPLICIT_RETAIN_SELF = YES;
				CLANG_WARN_OBJC_LITERAL_CONVERSION = YES;
				CLANG_WARN_OBJC_ROOT_CLASS = YES_ERROR;
				CLANG_WARN_QUOTED_INCLUDE_IN_FRAMEWORK_HEADER = YES;
				CLANG_WARN_RANGE_LOOP_ANALYSIS = YES;
				CLANG_WARN_STRICT_PROTOTYPES = YES;
				CLANG_WARN_SUSPICIOUS_MOVE = YES;
				CLANG_WARN_UNGUARDED_AVAILABILITY = YES_AGGRESSIVE;
				CLANG_WARN_UNREACHABLE_CODE = YES;
				CLANG_WARN__DUPLICATE_METHOD_MATCH = YES;
				COPY_PHASE_STRIP = NO;
				DEBUG_INFORMATION_FORMAT = dwarf;
				ENABLE_STRICT_OBJC_MSGSEND = YES;
				ENABLE_TESTABILITY = YES;
				GCC_C_LANGUAGE_STANDARD = gnu11;
				GCC_DYNAMIC_NO_PIC = NO;
				GCC_NO_COMMON_BLOCKS = YES;
				GCC_OPTIMIZATION_LEVEL = 0;
				GCC_PREPROCESSOR_DEFINITIONS = (
					"DEBUG=1",
					"$(inherited)",
				);
				GCC_WARN_64_TO_32_BIT_CONVERSION = YES;
				GCC_WARN_ABOUT_RETURN_TYPE = YES_ERROR;
				GCC_WARN_UNDECLARED_SELECTOR = YES;
				GCC_WARN_UNINITIALIZED_AUTOS = YES_AGGRESSIVE;
				GCC_WARN_UNUSED_FUNCTION = YES;
				GCC_WARN_UNUSED_VARIABLE = YES;
				IPHONEOS_DEPLOYMENT_TARGET = 16.2;
				MTL_ENABLE_DEBUG_INFO = INCLUDE_SOURCE;
				MTL_FAST_MATH = YES;
				ONLY_ACTIVE_ARCH = YES;
				SDKROOT = iphoneos;
				SWIFT_ACTIVE_COMPILATION_CONDITIONS = DEBUG;
				SWIFT_OPTIMIZATION_LEVEL = "-Onone";
			};
			name = Debug;
		};
		96BF6DD42A20B1F300DB0C69 /* Release */ = {
			isa = XCBuildConfiguration;
			buildSettings = {
				ALWAYS_SEARCH_USER_PATHS = NO;
				CLANG_ANALYZER_NONNULL = YES;
				CLANG_ANALYZER_NUMBER_OBJECT_CONVERSION = YES_AGGRESSIVE;
				CLANG_CXX_LANGUAGE_STANDARD = "gnu++20";
				CLANG_ENABLE_MODULES = YES;
				CLANG_ENABLE_OBJC_ARC = YES;
				CLANG_ENABLE_OBJC_WEAK = YES;
				CLANG_WARN_BLOCK_CAPTURE_AUTORELEASING = YES;
				CLANG_WARN_BOOL_CONVERSION = YES;
				CLANG_WARN_COMMA = YES;
				CLANG_WARN_CONSTANT_CONVERSION = YES;
				CLANG_WARN_DEPRECATED_OBJC_IMPLEMENTATIONS = YES;
				CLANG_WARN_DIRECT_OBJC_ISA_USAGE = YES_ERROR;
				CLANG_WARN_DOCUMENTATION_COMMENTS = YES;
				CLANG_WARN_EMPTY_BODY = YES;
				CLANG_WARN_ENUM_CONVERSION = YES;
				CLANG_WARN_INFINITE_RECURSION = YES;
				CLANG_WARN_INT_CONVERSION = YES;
				CLANG_WARN_NON_LITERAL_NULL_CONVERSION = YES;
				CLANG_WARN_OBJC_IMPLICIT_RETAIN_SELF = YES;
				CLANG_WARN_OBJC_LITERAL_CONVERSION = YES;
				CLANG_WARN_OBJC_ROOT_CLASS = YES_ERROR;
				CLANG_WARN_QUOTED_INCLUDE_IN_FRAMEWORK_HEADER = YES;
				CLANG_WARN_RANGE_LOOP_ANALYSIS = YES;
				CLANG_WARN_STRICT_PROTOTYPES = YES;
				CLANG_WARN_SUSPICIOUS_MOVE = YES;
				CLANG_WARN_UNGUARDED_AVAILABILITY = YES_AGGRESSIVE;
				CLANG_WARN_UNREACHABLE_CODE = YES;
				CLANG_WARN__DUPLICATE_METHOD_MATCH = YES;
				COPY_PHASE_STRIP = NO;
				DEBUG_INFORMATION_FORMAT = "dwarf-with-dsym";
				ENABLE_NS_ASSERTIONS = NO;
				ENABLE_STRICT_OBJC_MSGSEND = YES;
				GCC_C_LANGUAGE_STANDARD = gnu11;
				GCC_NO_COMMON_BLOCKS = YES;
				GCC_WARN_64_TO_32_BIT_CONVERSION = YES;
				GCC_WARN_ABOUT_RETURN_TYPE = YES_ERROR;
				GCC_WARN_UNDECLARED_SELECTOR = YES;
				GCC_WARN_UNINITIALIZED_AUTOS = YES_AGGRESSIVE;
				GCC_WARN_UNUSED_FUNCTION = YES;
				GCC_WARN_UNUSED_VARIABLE = YES;
				IPHONEOS_DEPLOYMENT_TARGET = 16.2;
				MTL_ENABLE_DEBUG_INFO = NO;
				MTL_FAST_MATH = YES;
				SDKROOT = iphoneos;
				SWIFT_COMPILATION_MODE = wholemodule;
				SWIFT_OPTIMIZATION_LEVEL = "-O";
				VALIDATE_PRODUCT = YES;
			};
			name = Release;
		};
		96BF6DD62A20B1F300DB0C69 /* Debug */ = {
			isa = XCBuildConfiguration;
			buildSettings = {
				ASSETCATALOG_COMPILER_APPICON_NAME = AppIcon;
				ASSETCATALOG_COMPILER_GLOBAL_ACCENT_COLOR_NAME = AccentColor;
				CODE_SIGN_STYLE = Automatic;
				CURRENT_PROJECT_VERSION = 1;
				GENERATE_INFOPLIST_FILE = YES;
				INFOPLIST_FILE = "Weather Forecast App/Info.plist";
				INFOPLIST_KEY_UIApplicationSupportsIndirectInputEvents = YES;
				INFOPLIST_KEY_UILaunchStoryboardName = LaunchScreen;
				INFOPLIST_KEY_UIMainStoryboardFile = Main;
				INFOPLIST_KEY_UISupportedInterfaceOrientations_iPad = "UIInterfaceOrientationPortrait UIInterfaceOrientationPortraitUpsideDown UIInterfaceOrientationLandscapeLeft UIInterfaceOrientationLandscapeRight";
				INFOPLIST_KEY_UISupportedInterfaceOrientations_iPhone = "UIInterfaceOrientationPortrait UIInterfaceOrientationLandscapeLeft UIInterfaceOrientationLandscapeRight";
				IPHONEOS_DEPLOYMENT_TARGET = 15.0;
				LD_RUNPATH_SEARCH_PATHS = (
					"$(inherited)",
					"@executable_path/Frameworks",
				);
				MARKETING_VERSION = 1.0;
				PRODUCT_BUNDLE_IDENTIFIER = "com.AgniveshArohi.Weather-Forecast-App";
				PRODUCT_NAME = "$(TARGET_NAME)";
				SUPPORTED_PLATFORMS = "iphoneos iphonesimulator";
				SUPPORTS_MACCATALYST = NO;
				SUPPORTS_MAC_DESIGNED_FOR_IPHONE_IPAD = NO;
				SWIFT_EMIT_LOC_STRINGS = YES;
				SWIFT_VERSION = 5.0;
				TARGETED_DEVICE_FAMILY = "1,2";
			};
			name = Debug;
		};
		96BF6DD72A20B1F300DB0C69 /* Release */ = {
			isa = XCBuildConfiguration;
			buildSettings = {
				ASSETCATALOG_COMPILER_APPICON_NAME = AppIcon;
				ASSETCATALOG_COMPILER_GLOBAL_ACCENT_COLOR_NAME = AccentColor;
				CODE_SIGN_STYLE = Automatic;
				CURRENT_PROJECT_VERSION = 1;
				GENERATE_INFOPLIST_FILE = YES;
				INFOPLIST_FILE = "Weather Forecast App/Info.plist";
				INFOPLIST_KEY_UIApplicationSupportsIndirectInputEvents = YES;
				INFOPLIST_KEY_UILaunchStoryboardName = LaunchScreen;
				INFOPLIST_KEY_UIMainStoryboardFile = Main;
				INFOPLIST_KEY_UISupportedInterfaceOrientations_iPad = "UIInterfaceOrientationPortrait UIInterfaceOrientationPortraitUpsideDown UIInterfaceOrientationLandscapeLeft UIInterfaceOrientationLandscapeRight";
				INFOPLIST_KEY_UISupportedInterfaceOrientations_iPhone = "UIInterfaceOrientationPortrait UIInterfaceOrientationLandscapeLeft UIInterfaceOrientationLandscapeRight";
				IPHONEOS_DEPLOYMENT_TARGET = 15.0;
				LD_RUNPATH_SEARCH_PATHS = (
					"$(inherited)",
					"@executable_path/Frameworks",
				);
				MARKETING_VERSION = 1.0;
				PRODUCT_BUNDLE_IDENTIFIER = "com.AgniveshArohi.Weather-Forecast-App";
				PRODUCT_NAME = "$(TARGET_NAME)";
				SUPPORTED_PLATFORMS = "iphoneos iphonesimulator";
				SUPPORTS_MACCATALYST = NO;
				SUPPORTS_MAC_DESIGNED_FOR_IPHONE_IPAD = NO;
				SWIFT_EMIT_LOC_STRINGS = YES;
				SWIFT_VERSION = 5.0;
				TARGETED_DEVICE_FAMILY = "1,2";
			};
			name = Release;
		};
		96BF6DD92A20B1F300DB0C69 /* Debug */ = {
			isa = XCBuildConfiguration;
			buildSettings = {
				ALWAYS_EMBED_SWIFT_STANDARD_LIBRARIES = YES;
				BUNDLE_LOADER = "$(TEST_HOST)";
				CODE_SIGN_STYLE = Automatic;
				CURRENT_PROJECT_VERSION = 1;
				GENERATE_INFOPLIST_FILE = YES;
				IPHONEOS_DEPLOYMENT_TARGET = 16.2;
				MARKETING_VERSION = 1.0;
				PRODUCT_BUNDLE_IDENTIFIER = "com.AgniveshArohi.Weather-Forecast-AppTests";
				PRODUCT_NAME = "$(TARGET_NAME)";
				SWIFT_EMIT_LOC_STRINGS = NO;
				SWIFT_VERSION = 5.0;
				TARGETED_DEVICE_FAMILY = "1,2";
				TEST_HOST = "$(BUILT_PRODUCTS_DIR)/Weather Forecast App.app/$(BUNDLE_EXECUTABLE_FOLDER_PATH)/Weather Forecast App";
			};
			name = Debug;
		};
		96BF6DDA2A20B1F300DB0C69 /* Release */ = {
			isa = XCBuildConfiguration;
			buildSettings = {
				ALWAYS_EMBED_SWIFT_STANDARD_LIBRARIES = YES;
				BUNDLE_LOADER = "$(TEST_HOST)";
				CODE_SIGN_STYLE = Automatic;
				CURRENT_PROJECT_VERSION = 1;
				GENERATE_INFOPLIST_FILE = YES;
				IPHONEOS_DEPLOYMENT_TARGET = 16.2;
				MARKETING_VERSION = 1.0;
				PRODUCT_BUNDLE_IDENTIFIER = "com.AgniveshArohi.Weather-Forecast-AppTests";
				PRODUCT_NAME = "$(TARGET_NAME)";
				SWIFT_EMIT_LOC_STRINGS = NO;
				SWIFT_VERSION = 5.0;
				TARGETED_DEVICE_FAMILY = "1,2";
				TEST_HOST = "$(BUILT_PRODUCTS_DIR)/Weather Forecast App.app/$(BUNDLE_EXECUTABLE_FOLDER_PATH)/Weather Forecast App";
			};
			name = Release;
		};
		96BF6DDC2A20B1F300DB0C69 /* Debug */ = {
			isa = XCBuildConfiguration;
			buildSettings = {
				ALWAYS_EMBED_SWIFT_STANDARD_LIBRARIES = YES;
				CODE_SIGN_STYLE = Automatic;
				CURRENT_PROJECT_VERSION = 1;
				GENERATE_INFOPLIST_FILE = YES;
				MARKETING_VERSION = 1.0;
				PRODUCT_BUNDLE_IDENTIFIER = "com.AgniveshArohi.Weather-Forecast-AppUITests";
				PRODUCT_NAME = "$(TARGET_NAME)";
				SWIFT_EMIT_LOC_STRINGS = NO;
				SWIFT_VERSION = 5.0;
				TARGETED_DEVICE_FAMILY = "1,2";
				TEST_TARGET_NAME = "Weather Forecast App";
			};
			name = Debug;
		};
		96BF6DDD2A20B1F300DB0C69 /* Release */ = {
			isa = XCBuildConfiguration;
			buildSettings = {
				ALWAYS_EMBED_SWIFT_STANDARD_LIBRARIES = YES;
				CODE_SIGN_STYLE = Automatic;
				CURRENT_PROJECT_VERSION = 1;
				GENERATE_INFOPLIST_FILE = YES;
				MARKETING_VERSION = 1.0;
				PRODUCT_BUNDLE_IDENTIFIER = "com.AgniveshArohi.Weather-Forecast-AppUITests";
				PRODUCT_NAME = "$(TARGET_NAME)";
				SWIFT_EMIT_LOC_STRINGS = NO;
				SWIFT_VERSION = 5.0;
				TARGETED_DEVICE_FAMILY = "1,2";
				TEST_TARGET_NAME = "Weather Forecast App";
			};
			name = Release;
		};
/* End XCBuildConfiguration section */

/* Begin XCConfigurationList section */
		96BF6DA32A20B1EF00DB0C69 /* Build configuration list for PBXProject "Weather Forecast App" */ = {
			isa = XCConfigurationList;
			buildConfigurations = (
				96BF6DD32A20B1F300DB0C69 /* Debug */,
				96BF6DD42A20B1F300DB0C69 /* Release */,
			);
			defaultConfigurationIsVisible = 0;
			defaultConfigurationName = Release;
		};
		96BF6DD52A20B1F300DB0C69 /* Build configuration list for PBXNativeTarget "Weather Forecast App" */ = {
			isa = XCConfigurationList;
			buildConfigurations = (
				96BF6DD62A20B1F300DB0C69 /* Debug */,
				96BF6DD72A20B1F300DB0C69 /* Release */,
			);
			defaultConfigurationIsVisible = 0;
			defaultConfigurationName = Release;
		};
		96BF6DD82A20B1F300DB0C69 /* Build configuration list for PBXNativeTarget "Weather Forecast AppTests" */ = {
			isa = XCConfigurationList;
			buildConfigurations = (
				96BF6DD92A20B1F300DB0C69 /* Debug */,
				96BF6DDA2A20B1F300DB0C69 /* Release */,
			);
			defaultConfigurationIsVisible = 0;
			defaultConfigurationName = Release;
		};
		96BF6DDB2A20B1F300DB0C69 /* Build configuration list for PBXNativeTarget "Weather Forecast AppUITests" */ = {
			isa = XCConfigurationList;
			buildConfigurations = (
				96BF6DDC2A20B1F300DB0C69 /* Debug */,
				96BF6DDD2A20B1F300DB0C69 /* Release */,
			);
			defaultConfigurationIsVisible = 0;
			defaultConfigurationName = Release;
		};
/* End XCConfigurationList section */

/* Begin XCVersionGroup section */
		96BF6DB42A20B1EF00DB0C69 /* Weather_Forecast_App.xcdatamodeld */ = {
			isa = XCVersionGroup;
			children = (
				96BF6DB52A20B1EF00DB0C69 /* Weather_Forecast_App.xcdatamodel */,
			);
			currentVersion = 96BF6DB52A20B1EF00DB0C69 /* Weather_Forecast_App.xcdatamodel */;
			path = Weather_Forecast_App.xcdatamodeld;
			sourceTree = "<group>";
			versionGroupType = wrapper.xcdatamodel;
		};
/* End XCVersionGroup section */
	};
	rootObject = 96BF6DA02A20B1EF00DB0C69 /* Project object */;
}
